
Microsoft Visual Studio Solution File, Format Version 12.00
# Visual Studio 15
VisualStudioVersion = 15.0.27004.2010
MinimumVisualStudioVersion = 10.0.40219.1
Project("{FAE04EC0-301F-11D3-BF4B-00C04F79EFBC}") = "SimpleLiveChart", "SimpleLiveChart\SimpleLiveChart.csproj", "{34FF7E9D-5688-4830-99FA-35BE37FF8DCF}"
EndProject
Global
	GlobalSection(SolutionConfigurationPlatforms) = preSolution
		Debug|Any CPU = Debug|Any CPU
		Release|Any CPU = Release|Any CPU
	EndGlobalSection
	GlobalSection(ProjectConfigurationPlatforms) = postSolution
		{34FF7E9D-5688-4830-99FA-35BE37FF8DCF}.Debug|Any CPU.ActiveCfg = Debug|Any CPU
		{34FF7E9D-5688-4830-99FA-35BE37FF8DCF}.Debug|Any CPU.Build.0 = Debug|Any CPU
		{34FF7E9D-5688-4830-99FA-35BE37FF8DCF}.Release|Any CPU.ActiveCfg = Release|Any CPU
		{34FF7E9D-5688-4830-99FA-35BE37FF8DCF}.Release|Any CPU.Build.0 = Release|Any CPU
	EndGlobalSection
	GlobalSection(SolutionProperties) = preSolution
		HideSolutionNode = FALSE
	EndGlobalSection
	GlobalSection(ExtensibilityGlobals) = postSolution
		SolutionGuid = {13D3650E-23E4-4747-A5C1-0D480595B051}
	EndGlobalSection
EndGlobal
